
Microsoft Visual Studio Solution File, Format Version 12.00
# Visual Studio Version 17
VisualStudioVersion = 17.13.35931.197 d17.13
MinimumVisualStudioVersion = 10.0.40219.1
Project("{FAE04EC0-301F-11D3-BF4B-00C04F79EFBC}") = "Web.Template", "Web.Template\Web.Template.csproj", "{83F42EA7-1EA7-4D2E-908C-2641BD65E1CD}"
EndProject
Global
	GlobalSection(SolutionConfigurationPlatforms) = preSolution
		Debug|Any CPU = Debug|Any CPU
		Release|Any CPU = Release|Any CPU
	EndGlobalSection
	GlobalSection(ProjectConfigurationPlatforms) = postSolution
		{83F42EA7-1EA7-4D2E-908C-2641BD65E1CD}.Debug|Any CPU.ActiveCfg = Debug|Any CPU
		{83F42EA7-1EA7-4D2E-908C-2641BD65E1CD}.Debug|Any CPU.Build.0 = Debug|Any CPU
		{83F42EA7-1EA7-4D2E-908C-2641BD65E1CD}.Release|Any CPU.ActiveCfg = Release|Any CPU
		{83F42EA7-1EA7-4D2E-908C-2641BD65E1CD}.Release|Any CPU.Build.0 = Release|Any CPU
	EndGlobalSection
	GlobalSection(SolutionProperties) = preSolution
		HideSolutionNode = FALSE
	EndGlobalSection
	GlobalSection(ExtensibilityGlobals) = postSolution
		SolutionGuid = {F335FD1F-1CC0-4009-B112-87E79200ACD0}
	EndGlobalSection
EndGlobal
